
Microsoft Visual Studio Solution File, Format Version 12.00
# Visual Studio Version 16
VisualStudioVersion = 16.0.30128.74
MinimumVisualStudioVersion = 10.0.40219.1
Project("{FAE04EC0-301F-11D3-BF4B-00C04F79EFBC}") = "GateWay", "GateWay\GateWay.csproj", "{3AA5DA5A-73BE-4FA7-AAE0-4CD4939351A8}"
EndProject
Global
	GlobalSection(SolutionConfigurationPlatforms) = preSolution
		Debug|Any CPU = Debug|Any CPU
		Release|Any CPU = Release|Any CPU
	EndGlobalSection
	GlobalSection(ProjectConfigurationPlatforms) = postSolution
		{3AA5DA5A-73BE-4FA7-AAE0-4CD4939351A8}.Debug|Any CPU.ActiveCfg = Debug|Any CPU
		{3AA5DA5A-73BE-4FA7-AAE0-4CD4939351A8}.Debug|Any CPU.Build.0 = Debug|Any CPU
		{3AA5DA5A-73BE-4FA7-AAE0-4CD4939351A8}.Release|Any CPU.ActiveCfg = Release|Any CPU
		{3AA5DA5A-73BE-4FA7-AAE0-4CD4939351A8}.Release|Any CPU.Build.0 = Release|Any CPU
	EndGlobalSection
	GlobalSection(SolutionProperties) = preSolution
		HideSolutionNode = FALSE
	EndGlobalSection
	GlobalSection(ExtensibilityGlobals) = postSolution
		SolutionGuid = {D15ABAFD-9DCF-4242-8BA8-75DF58570056}
	EndGlobalSection
EndGlobal
